
Microsoft Visual Studio Solution File, Format Version 12.00
# Visual Studio 14
VisualStudioVersion = 14.0.25420.1
MinimumVisualStudioVersion = 10.0.40219.1
Project("{FAE04EC0-301F-11D3-BF4B-00C04F79EFBC}") = "Sanjivani", "Sanjivani\Sanjivani.csproj", "{6C9A0C67-9D6E-41E5-8965-E3D958BDD103}"
EndProject
Project("{FAE04EC0-301F-11D3-BF4B-00C04F79EFBC}") = "SanjivaniBusinessLayer", "SanjivaniBusinessLayer\SanjivaniBusinessLayer.csproj", "{20E523A2-06E6-4B57-8C66-F23641C56760}"
EndProject
Project("{FAE04EC0-301F-11D3-BF4B-00C04F79EFBC}") = "SanjivaniDataLinkLayer", "SanjivaniDataLinkLayer\SanjivaniDataLinkLayer.csproj", "{29DA3D38-D829-4E33-9A4C-3466E4E0EA99}"
EndProject
Project("{FAE04EC0-301F-11D3-BF4B-00C04F79EFBC}") = "SanjivaniModalView", "SanjivaniModalView\SanjivaniModalView.csproj", "{88CB1384-55F3-47FA-A211-D8271E7898D4}"
EndProject
Global
	GlobalSection(SolutionConfigurationPlatforms) = preSolution
		Debug|Any CPU = Debug|Any CPU
		Release|Any CPU = Release|Any CPU
	EndGlobalSection
	GlobalSection(ProjectConfigurationPlatforms) = postSolution
		{6C9A0C67-9D6E-41E5-8965-E3D958BDD103}.Debug|Any CPU.ActiveCfg = Debug|Any CPU
		{6C9A0C67-9D6E-41E5-8965-E3D958BDD103}.Debug|Any CPU.Build.0 = Debug|Any CPU
		{6C9A0C67-9D6E-41E5-8965-E3D958BDD103}.Release|Any CPU.ActiveCfg = Release|Any CPU
		{6C9A0C67-9D6E-41E5-8965-E3D958BDD103}.Release|Any CPU.Build.0 = Release|Any CPU
		{20E523A2-06E6-4B57-8C66-F23641C56760}.Debug|Any CPU.ActiveCfg = Debug|Any CPU
		{20E523A2-06E6-4B57-8C66-F23641C56760}.Debug|Any CPU.Build.0 = Debug|Any CPU
		{20E523A2-06E6-4B57-8C66-F23641C56760}.Release|Any CPU.ActiveCfg = Release|Any CPU
		{20E523A2-06E6-4B57-8C66-F23641C56760}.Release|Any CPU.Build.0 = Release|Any CPU
		{29DA3D38-D829-4E33-9A4C-3466E4E0EA99}.Debug|Any CPU.ActiveCfg = Debug|Any CPU
		{29DA3D38-D829-4E33-9A4C-3466E4E0EA99}.Debug|Any CPU.Build.0 = Debug|Any CPU
		{29DA3D38-D829-4E33-9A4C-3466E4E0EA99}.Release|Any CPU.ActiveCfg = Release|Any CPU
		{29DA3D38-D829-4E33-9A4C-3466E4E0EA99}.Release|Any CPU.Build.0 = Release|Any CPU
		{88CB1384-55F3-47FA-A211-D8271E7898D4}.Debug|Any CPU.ActiveCfg = Debug|Any CPU
		{88CB1384-55F3-47FA-A211-D8271E7898D4}.Debug|Any CPU.Build.0 = Debug|Any CPU
		{88CB1384-55F3-47FA-A211-D8271E7898D4}.Release|Any CPU.ActiveCfg = Release|Any CPU
		{88CB1384-55F3-47FA-A211-D8271E7898D4}.Release|Any CPU.Build.0 = Release|Any CPU
	EndGlobalSection
	GlobalSection(SolutionProperties) = preSolution
		HideSolutionNode = FALSE
	EndGlobalSection
EndGlobal
